
Microsoft Visual Studio Solution File, Format Version 12.00
# Visual Studio 15
VisualStudioVersion = 15.0.28307.329
MinimumVisualStudioVersion = 10.0.40219.1
Project("{FAE04EC0-301F-11D3-BF4B-00C04F79EFBC}") = "BusinessManagementSystemApp", "BusinessManagementSystemApp\BusinessManagementSystemApp.csproj", "{B0D99B98-24B9-4A81-98B8-83086E92BE7E}"
EndProject
Project("{FAE04EC0-301F-11D3-BF4B-00C04F79EFBC}") = "BusinessManagementSystemApp.Models", "BusinessManagementSystemApp.Models\BusinessManagementSystemApp.Models.csproj", "{33C9F368-40AD-4FBD-BF9C-0CB219DC421F}"
EndProject
Project("{FAE04EC0-301F-11D3-BF4B-00C04F79EFBC}") = "BusinessManagementSystemApp.Repository", "BusinessManagementSystemApp.Repository\BusinessManagementSystemApp.Repository.csproj", "{CBE2777B-D1C1-4152-8031-E6B33932F666}"
EndProject
Project("{FAE04EC0-301F-11D3-BF4B-00C04F79EFBC}") = "BusinessManagementSystemApp.BLL", "BusinessManagementSystemApp.BLL\BusinessManagementSystemApp.BLL.csproj", "{B3779F5B-5F11-4C17-8271-64C05F557DC5}"
EndProject
Project("{FAE04EC0-301F-11D3-BF4B-00C04F79EFBC}") = "BusinessManagementSystemApp.DatabaseContext", "BusinessManagementSystemApp.DatabaseContext\BusinessManagementSystemApp.DatabaseContext.csproj", "{86A31A2B-A05E-4FB4-8822-B6031AE18926}"
EndProject
Global
	GlobalSection(SolutionConfigurationPlatforms) = preSolution
		Debug|Any CPU = Debug|Any CPU
		Release|Any CPU = Release|Any CPU
	EndGlobalSection
	GlobalSection(ProjectConfigurationPlatforms) = postSolution
		{B0D99B98-24B9-4A81-98B8-83086E92BE7E}.Debug|Any CPU.ActiveCfg = Debug|Any CPU
		{B0D99B98-24B9-4A81-98B8-83086E92BE7E}.Debug|Any CPU.Build.0 = Debug|Any CPU
		{B0D99B98-24B9-4A81-98B8-83086E92BE7E}.Release|Any CPU.ActiveCfg = Release|Any CPU
		{B0D99B98-24B9-4A81-98B8-83086E92BE7E}.Release|Any CPU.Build.0 = Release|Any CPU
		{33C9F368-40AD-4FBD-BF9C-0CB219DC421F}.Debug|Any CPU.ActiveCfg = Debug|Any CPU
		{33C9F368-40AD-4FBD-BF9C-0CB219DC421F}.Debug|Any CPU.Build.0 = Debug|Any CPU
		{33C9F368-40AD-4FBD-BF9C-0CB219DC421F}.Release|Any CPU.ActiveCfg = Release|Any CPU
		{33C9F368-40AD-4FBD-BF9C-0CB219DC421F}.Release|Any CPU.Build.0 = Release|Any CPU
		{CBE2777B-D1C1-4152-8031-E6B33932F666}.Debug|Any CPU.ActiveCfg = Debug|Any CPU
		{CBE2777B-D1C1-4152-8031-E6B33932F666}.Debug|Any CPU.Build.0 = Debug|Any CPU
		{CBE2777B-D1C1-4152-8031-E6B33932F666}.Release|Any CPU.ActiveCfg = Release|Any CPU
		{CBE2777B-D1C1-4152-8031-E6B33932F666}.Release|Any CPU.Build.0 = Release|Any CPU
		{B3779F5B-5F11-4C17-8271-64C05F557DC5}.Debug|Any CPU.ActiveCfg = Debug|Any CPU
		{B3779F5B-5F11-4C17-8271-64C05F557DC5}.Debug|Any CPU.Build.0 = Debug|Any CPU
		{B3779F5B-5F11-4C17-8271-64C05F557DC5}.Release|Any CPU.ActiveCfg = Release|Any CPU
		{B3779F5B-5F11-4C17-8271-64C05F557DC5}.Release|Any CPU.Build.0 = Release|Any CPU
		{86A31A2B-A05E-4FB4-8822-B6031AE18926}.Debug|Any CPU.ActiveCfg = Debug|Any CPU
		{86A31A2B-A05E-4FB4-8822-B6031AE18926}.Debug|Any CPU.Build.0 = Debug|Any CPU
		{86A31A2B-A05E-4FB4-8822-B6031AE18926}.Release|Any CPU.ActiveCfg = Release|Any CPU
		{86A31A2B-A05E-4FB4-8822-B6031AE18926}.Release|Any CPU.Build.0 = Release|Any CPU
	EndGlobalSection
	GlobalSection(SolutionProperties) = preSolution
		HideSolutionNode = FALSE
	EndGlobalSection
	GlobalSection(ExtensibilityGlobals) = postSolution
		SolutionGuid = {C84332E4-8983-4D52-B245-C5ABB7E87774}
	EndGlobalSection
EndGlobal
